
Microsoft Visual Studio Solution File, Format Version 10.00
# Visual Studio 2008
Project("{FAE04EC0-301F-11D3-BF4B-00C04F79EFBC}") = "WindowsFormsApplication1", "WindowsFormsApplication1\WindowsFormsApplication1.csproj", "{8CF70E33-7D1C-441B-97E8-99723A69C926}"
EndProject
Global
	GlobalSection(SolutionConfigurationPlatforms) = preSolution
		Debug|Any CPU = Debug|Any CPU
		Release|Any CPU = Release|Any CPU
	EndGlobalSection
	GlobalSection(ProjectConfigurationPlatforms) = postSolution
		{8CF70E33-7D1C-441B-97E8-99723A69C926}.Debug|Any CPU.ActiveCfg = Debug|Any CPU
		{8CF70E33-7D1C-441B-97E8-99723A69C926}.Debug|Any CPU.Build.0 = Debug|Any CPU
		{8CF70E33-7D1C-441B-97E8-99723A69C926}.Release|Any CPU.ActiveCfg = Release|Any CPU
		{8CF70E33-7D1C-441B-97E8-99723A69C926}.Release|Any CPU.Build.0 = Release|Any CPU
	EndGlobalSection
	GlobalSection(SolutionProperties) = preSolution
		HideSolutionNode = FALSE
	EndGlobalSection
EndGlobal
